{
  "name": "apirestkanban",
  "version": "1.0.0",
  "lockfileVersion": 3,
  "requires": true,
  "packages": {
    "": {
      "name": "apirestkanban",
      "version": "1.0.0",
      "license": "ISC",
      "dependencies": {
        "pnpm": "^9.15.2"
      }
    },
    "node_modules/pnpm": {
      "version": "9.15.2",
      "resolved": "https://registry.npmjs.org/pnpm/-/pnpm-9.15.2.tgz",
      "integrity": "sha512-k+V7ASbw33TOa/8paAOUwLpU7Ecka5zzIfASHY2bsD91CnBfJO3DwRgIU6/XwsO5QZbQo9U9PgadnieT7xHzIQ==",
      "license": "MIT",
      "bin": {
        "pnpm": "bin/pnpm.cjs",
        "pnpx": "bin/pnpx.cjs"
      },
      "engines": {
        "node": ">=18.12"
      },
      "funding": {
        "url": "https://opencollective.com/pnpm"
      }
    }
  }
}
